{
  "nodes": {
    "ansible-zsh": {
      "flake": false,
      "locked": {
        "lastModified": 1539961847,
        "narHash": "sha256-LxEBYJ7jadLyGgStbOc0y1k2Ho6/Qler3k9aFnc01Rg=",
        "owner": "sparsick",
        "repo": "ansible-zsh",
        "rev": "21c52dbdc07416bf056007f3a69cb41acfd3b74a",
        "type": "github"
      },
      "original": {
        "owner": "sparsick",
        "repo": "ansible-zsh",
        "type": "github"
      }
    },
    "cd-ls": {
      "flake": false,
      "locked": {
        "lastModified": 1646684461,
        "narHash": "sha256-IdeM4lVQGrrHXn1sfYRwafY8+FgJzRHkBCxkXBi8r8c=",
        "owner": "zshzoo",
        "repo": "cd-ls",
        "rev": "f0f1d486ce59ca38e9ffe554e8dca89bf79711d8",
        "type": "github"
      },
      "original": {
        "owner": "zshzoo",
        "repo": "cd-ls",
        "type": "github"
      }
    },
    "home-manager": {
      "inputs": {
        "nixpkgs": [
          "nixpkgs"
        ],
        "utils": "utils"
      },
      "locked": {
        "lastModified": 1657661746,
        "narHash": "sha256-kreOBAylgG/vCPHeikjftL7GjBvX7g/A/M7WBaHvHVw=",
        "owner": "nix-community",
        "repo": "home-manager",
        "rev": "602f2ce59c0150755fa30a23e6921a1c7453f8c7",
        "type": "github"
      },
      "original": {
        "owner": "nix-community",
        "repo": "home-manager",
        "type": "github"
      }
    },
    "nixpkgs": {
      "locked": {
        "lastModified": 1657533762,
        "narHash": "sha256-/cxTFSMmpAb8tBp1yVga1fj+i8LB9aAxnMjYFpRMuVs=",
        "owner": "nixos",
        "repo": "nixpkgs",
        "rev": "38860c9e91cb00f4d8cd19c7b4e36c45680c89b5",
        "type": "github"
      },
      "original": {
        "owner": "nixos",
        "ref": "nixos-unstable",
        "repo": "nixpkgs",
        "type": "github"
      }
    },
    "root": {
      "inputs": {
        "ansible-zsh": "ansible-zsh",
        "cd-ls": "cd-ls",
        "home-manager": "home-manager",
        "nixpkgs": "nixpkgs"
      }
    },
    "utils": {
      "locked": {
        "lastModified": 1653893745,
        "narHash": "sha256-0jntwV3Z8//YwuOjzhV2sgJJPt+HY6KhU7VZUL0fKZQ=",
        "owner": "numtide",
        "repo": "flake-utils",
        "rev": "1ed9fb1935d260de5fe1c2f7ee0ebaae17ed2fa1",
        "type": "github"
      },
      "original": {
        "owner": "numtide",
        "repo": "flake-utils",
        "type": "github"
      }
    }
  },
  "root": "root",
  "version": 7
}
