{
  "nodes": {
    "agenix": {
      "inputs": {
        "nixpkgs": [
          "ragenix",
          "nixpkgs"
        ]
      },
      "locked": {
        "lastModified": 1652712410,
        "narHash": "sha256-hMJ2TqLt0DleEnQFGUHK9sV2aAzJPU8pZeiZoqRozbE=",
        "owner": "ryantm",
        "repo": "agenix",
        "rev": "7e5e58b98c3dcbf497543ff6f22591552ebfe65b",
        "type": "github"
      },
      "original": {
        "owner": "ryantm",
        "repo": "agenix",
        "type": "github"
      }
    },
    "ansible-zsh": {
      "flake": false,
      "locked": {
        "lastModified": 1539961847,
        "narHash": "sha256-LxEBYJ7jadLyGgStbOc0y1k2Ho6/Qler3k9aFnc01Rg=",
        "owner": "sparsick",
        "repo": "ansible-zsh",
        "rev": "21c52dbdc07416bf056007f3a69cb41acfd3b74a",
        "type": "github"
      },
      "original": {
        "owner": "sparsick",
        "repo": "ansible-zsh",
        "type": "github"
      }
    },
    "cd-ls": {
      "flake": false,
      "locked": {
        "lastModified": 1646684461,
        "narHash": "sha256-IdeM4lVQGrrHXn1sfYRwafY8+FgJzRHkBCxkXBi8r8c=",
        "owner": "zshzoo",
        "repo": "cd-ls",
        "rev": "f0f1d486ce59ca38e9ffe554e8dca89bf79711d8",
        "type": "github"
      },
      "original": {
        "owner": "zshzoo",
        "repo": "cd-ls",
        "type": "github"
      }
    },
    "colorize": {
      "flake": false,
      "locked": {
        "lastModified": 1641080517,
        "narHash": "sha256-HwLCGOYxWyHCYTos10bWZ8av/POnR+7Wbc9gPcrMJL4=",
        "owner": "zpm-zsh",
        "repo": "colorize",
        "rev": "b9bde04b4dabb7df5c9edcf88aa8bb2140a3b6fc",
        "type": "github"
      },
      "original": {
        "owner": "zpm-zsh",
        "repo": "colorize",
        "type": "github"
      }
    },
    "done-fish": {
      "flake": false,
      "locked": {
        "lastModified": 1633849654,
        "narHash": "sha256-6oeyN9ngXWvps1c5QAUjlyPDQwRWAoxBiVTNmZ4sG8E=",
        "owner": "franciscolourenco",
        "repo": "done",
        "rev": "d6abb267bb3fb7e987a9352bc43dcdb67bac9f06",
        "type": "github"
      },
      "original": {
        "owner": "franciscolourenco",
        "repo": "done",
        "type": "github"
      }
    },
    "flake-utils": {
      "locked": {
        "lastModified": 1653893745,
        "narHash": "sha256-0jntwV3Z8//YwuOjzhV2sgJJPt+HY6KhU7VZUL0fKZQ=",
        "owner": "numtide",
        "repo": "flake-utils",
        "rev": "1ed9fb1935d260de5fe1c2f7ee0ebaae17ed2fa1",
        "type": "github"
      },
      "original": {
        "owner": "numtide",
        "repo": "flake-utils",
        "type": "github"
      }
    },
    "fzf-finder": {
      "flake": false,
      "locked": {
        "lastModified": 1654637615,
        "narHash": "sha256-9r/8i677jm5+87qUPB4kP10fSbnzKCCpJzBgCMEYPYA=",
        "owner": "leophys",
        "repo": "zsh-plugin-fzf-finder",
        "rev": "7d80b6b46d1a468839d7db91acd9ba5801a90e8f",
        "type": "github"
      },
      "original": {
        "owner": "leophys",
        "repo": "zsh-plugin-fzf-finder",
        "type": "github"
      }
    },
    "fzf-fish": {
      "flake": false,
      "locked": {
        "lastModified": 1658274658,
        "narHash": "sha256-OLmPtgUVX+/uiZg6lMl1xF4MHGVZUpTVota68coexWw=",
        "owner": "PatrickF1",
        "repo": "fzf.fish",
        "rev": "c8c7d9903e0327b0d76e51ba4378ec8d5ef6477e",
        "type": "github"
      },
      "original": {
        "owner": "PatrickF1",
        "repo": "fzf.fish",
        "type": "github"
      }
    },
    "fzf-tab": {
      "flake": false,
      "locked": {
        "lastModified": 1650015730,
        "narHash": "sha256-ixUnuNtxxmiigeVjzuV5uG6rIBPY/1vdBZF2/Qv0Trs=",
        "owner": "Aloxaf",
        "repo": "fzf-tab",
        "rev": "7e0eee64df6c7c81a57792674646b5feaf89f263",
        "type": "github"
      },
      "original": {
        "owner": "Aloxaf",
        "repo": "fzf-tab",
        "type": "github"
      }
    },
    "gomod2nix": {
      "inputs": {
        "nixpkgs": [
          "nixpkgs"
        ],
        "utils": "utils"
      },
      "locked": {
        "lastModified": 1655245309,
        "narHash": "sha256-d/YPoQ/vFn1+GTmSdvbSBSTOai61FONxB4+Lt6w/IVI=",
        "owner": "tweag",
        "repo": "gomod2nix",
        "rev": "40d32f82fc60d66402eb0972e6e368aeab3faf58",
        "type": "github"
      },
      "original": {
        "owner": "tweag",
        "repo": "gomod2nix",
        "type": "github"
      }
    },
    "home-manager": {
      "inputs": {
        "nixpkgs": [
          "nixpkgs"
        ],
        "utils": "utils_2"
      },
      "locked": {
        "lastModified": 1658751516,
        "narHash": "sha256-Y/3dHoTjbvYBtWd+TTBQJUIgDPO9d+Gqt05C5dyR7E4=",
        "owner": "nix-community",
        "repo": "home-manager",
        "rev": "dbed4c794d20d51027fc1107f063ec5be027dafc",
        "type": "github"
      },
      "original": {
        "owner": "nix-community",
        "repo": "home-manager",
        "type": "github"
      }
    },
    "nixpkgs": {
      "locked": {
        "lastModified": 1658737577,
        "narHash": "sha256-xosJ5nJT9HX+b6UWsSX6R+ap4AdZOCrl/r+IKFp2ASQ=",
        "owner": "nixos",
        "repo": "nixpkgs",
        "rev": "5a0e0d73b944157328d54c4ded1cf2f0146a86a5",
        "type": "github"
      },
      "original": {
        "owner": "nixos",
        "ref": "nixos-unstable",
        "repo": "nixpkgs",
        "type": "github"
      }
    },
    "nnn-plugins": {
      "flake": false,
      "locked": {
        "lastModified": 1658849999,
        "narHash": "sha256-IstA0HkSwmU7ZN0LxWTi4k/fxOL9+7Ql9vrIkORq9+g=",
        "owner": "jarun",
        "repo": "nnn",
        "rev": "07c1e8e6558fcc8f6fda7f88a51b9f64ecbac0a2",
        "type": "github"
      },
      "original": {
        "owner": "jarun",
        "repo": "nnn",
        "type": "github"
      }
    },
    "nur": {
      "locked": {
        "lastModified": 1658900208,
        "narHash": "sha256-vIbno0dPXnbrUAU/4Rj5+hhJoQ5o4a/VxJZpJcZHnhY=",
        "owner": "nix-community",
        "repo": "NUR",
        "rev": "4c8757b1a5ea02fe50c28707618de0e7d12d4851",
        "type": "github"
      },
      "original": {
        "owner": "nix-community",
        "repo": "NUR",
        "type": "github"
      }
    },
    "ragenix": {
      "inputs": {
        "agenix": "agenix",
        "flake-utils": "flake-utils",
        "nixpkgs": [
          "nixpkgs"
        ],
        "rust-overlay": "rust-overlay"
      },
      "locked": {
        "lastModified": 1654412551,
        "narHash": "sha256-hoIZKaMy2NWQJwrGQEiCuDp8yyGHH9LhW9FX78RsqQ8=",
        "owner": "yaxitech",
        "repo": "ragenix",
        "rev": "e2bcfcf52480825ef90e7d23693f5e65388399f0",
        "type": "github"
      },
      "original": {
        "owner": "yaxitech",
        "repo": "ragenix",
        "type": "github"
      }
    },
    "root": {
      "inputs": {
        "ansible-zsh": "ansible-zsh",
        "cd-ls": "cd-ls",
        "colorize": "colorize",
        "done-fish": "done-fish",
        "fzf-finder": "fzf-finder",
        "fzf-fish": "fzf-fish",
        "fzf-tab": "fzf-tab",
        "gomod2nix": "gomod2nix",
        "home-manager": "home-manager",
        "nixpkgs": "nixpkgs",
        "nnn-plugins": "nnn-plugins",
        "nur": "nur",
        "ragenix": "ragenix",
        "sponge-fish": "sponge-fish",
        "tmux-fish": "tmux-fish"
      }
    },
    "rust-overlay": {
      "inputs": {
        "flake-utils": [
          "ragenix",
          "flake-utils"
        ],
        "nixpkgs": [
          "ragenix",
          "nixpkgs"
        ]
      },
      "locked": {
        "lastModified": 1654310165,
        "narHash": "sha256-5TWkZMKnrLQVGsWrcDabJX7E502qoi0+vP1RReJp0/Y=",
        "owner": "oxalica",
        "repo": "rust-overlay",
        "rev": "e64770eac18a1983232a5bc55fa443d9f15cc489",
        "type": "github"
      },
      "original": {
        "owner": "oxalica",
        "repo": "rust-overlay",
        "type": "github"
      }
    },
    "sponge-fish": {
      "flake": false,
      "locked": {
        "lastModified": 1655668895,
        "narHash": "sha256-+GGfFC/hH7A8n9Wwojt5PW96fSzvRhThnZ3pLeWEqds=",
        "owner": "andreiborisov",
        "repo": "sponge",
        "rev": "dcfcc9089939f48b25b861a9254a39de8e9f33a0",
        "type": "github"
      },
      "original": {
        "owner": "andreiborisov",
        "repo": "sponge",
        "type": "github"
      }
    },
    "tmux-fish": {
      "flake": false,
      "locked": {
        "lastModified": 1637647340,
        "narHash": "sha256-uLTqShRE43oK3v7Z60sYpiFyOrnwWsltuQmUaXiu5ls=",
        "owner": "budimanjojo",
        "repo": "tmux.fish",
        "rev": "42c2f6ed78b846d62ff646d870c6078faf48d4a8",
        "type": "github"
      },
      "original": {
        "owner": "budimanjojo",
        "repo": "tmux.fish",
        "type": "github"
      }
    },
    "utils": {
      "locked": {
        "lastModified": 1653893745,
        "narHash": "sha256-0jntwV3Z8//YwuOjzhV2sgJJPt+HY6KhU7VZUL0fKZQ=",
        "owner": "numtide",
        "repo": "flake-utils",
        "rev": "1ed9fb1935d260de5fe1c2f7ee0ebaae17ed2fa1",
        "type": "github"
      },
      "original": {
        "owner": "numtide",
        "repo": "flake-utils",
        "type": "github"
      }
    },
    "utils_2": {
      "locked": {
        "lastModified": 1653893745,
        "narHash": "sha256-0jntwV3Z8//YwuOjzhV2sgJJPt+HY6KhU7VZUL0fKZQ=",
        "owner": "numtide",
        "repo": "flake-utils",
        "rev": "1ed9fb1935d260de5fe1c2f7ee0ebaae17ed2fa1",
        "type": "github"
      },
      "original": {
        "owner": "numtide",
        "repo": "flake-utils",
        "type": "github"
      }
    }
  },
  "root": "root",
  "version": 7
}
