{
  "nodes": {
    "agenix": {
      "inputs": {
        "nixpkgs": [
          "ragenix",
          "nixpkgs"
        ]
      },
      "locked": {
        "lastModified": 1665870395,
        "narHash": "sha256-Tsbqb27LDNxOoPLh0gw2hIb6L/6Ow/6lIBvqcHzEKBI=",
        "owner": "ryantm",
        "repo": "agenix",
        "rev": "a630400067c6d03c9b3e0455347dc8559db14288",
        "type": "github"
      },
      "original": {
        "owner": "ryantm",
        "repo": "agenix",
        "type": "github"
      }
    },
    "all-cabal-json": {
      "flake": false,
      "locked": {
        "lastModified": 1665552503,
        "narHash": "sha256-r14RmRSwzv5c+bWKUDaze6pXM7nOsiz1H8nvFHJvufc=",
        "owner": "nix-community",
        "repo": "all-cabal-json",
        "rev": "d7c0434eebffb305071404edcf9d5cd99703878e",
        "type": "github"
      },
      "original": {
        "owner": "nix-community",
        "ref": "hackage",
        "repo": "all-cabal-json",
        "type": "github"
      }
    },
    "cd-ls": {
      "flake": false,
      "locked": {
        "lastModified": 1646684461,
        "narHash": "sha256-IdeM4lVQGrrHXn1sfYRwafY8+FgJzRHkBCxkXBi8r8c=",
        "owner": "zshzoo",
        "repo": "cd-ls",
        "rev": "f0f1d486ce59ca38e9ffe554e8dca89bf79711d8",
        "type": "github"
      },
      "original": {
        "owner": "zshzoo",
        "repo": "cd-ls",
        "type": "github"
      }
    },
    "colorize": {
      "flake": false,
      "locked": {
        "lastModified": 1641080517,
        "narHash": "sha256-HwLCGOYxWyHCYTos10bWZ8av/POnR+7Wbc9gPcrMJL4=",
        "owner": "zpm-zsh",
        "repo": "colorize",
        "rev": "b9bde04b4dabb7df5c9edcf88aa8bb2140a3b6fc",
        "type": "github"
      },
      "original": {
        "owner": "zpm-zsh",
        "repo": "colorize",
        "type": "github"
      }
    },
    "crane": {
      "flake": false,
      "locked": {
        "lastModified": 1661875961,
        "narHash": "sha256-f1h/2c6Teeu1ofAHWzrS8TwBPcnN+EEu+z1sRVmMQTk=",
        "owner": "ipetkov",
        "repo": "crane",
        "rev": "d9f394e4e20e97c2a60c3ad82c2b6ef99be19e24",
        "type": "github"
      },
      "original": {
        "owner": "ipetkov",
        "repo": "crane",
        "type": "github"
      }
    },
    "crane_2": {
      "inputs": {
        "flake-compat": "flake-compat",
        "flake-utils": "flake-utils_7",
        "nixpkgs": [
          "nixme",
          "nixpkgs"
        ],
        "rust-overlay": "rust-overlay_3"
      },
      "locked": {
        "lastModified": 1668047118,
        "narHash": "sha256-F4xP7dAU6ca+hYa3qF0CtnwfQJT3YH4qEh/IxO+p9t0=",
        "owner": "ipetkov",
        "repo": "crane",
        "rev": "074825a9e8d6446564e2ae6949ac3feb79aa7397",
        "type": "github"
      },
      "original": {
        "owner": "ipetkov",
        "repo": "crane",
        "type": "github"
      }
    },
    "crate2nix": {
      "flake": false,
      "locked": {
        "lastModified": 1667176522,
        "narHash": "sha256-BCAfYlEdC19gprvgTV3ht5gC24qQ+HL6kbVJWBOxcio=",
        "owner": "kolloch",
        "repo": "crate2nix",
        "rev": "3e6fbcc8ecd384018196223023cdd7868bbce4e6",
        "type": "github"
      },
      "original": {
        "owner": "kolloch",
        "repo": "crate2nix",
        "type": "github"
      }
    },
    "devshell": {
      "flake": false,
      "locked": {
        "lastModified": 1667210711,
        "narHash": "sha256-IoErjXZAkzYWHEpQqwu/DeRNJGFdR7X2OGbkhMqMrpw=",
        "owner": "numtide",
        "repo": "devshell",
        "rev": "96a9dd12b8a447840cc246e17a47b81a4268bba7",
        "type": "github"
      },
      "original": {
        "owner": "numtide",
        "repo": "devshell",
        "type": "github"
      }
    },
    "done-fish": {
      "flake": false,
      "locked": {
        "lastModified": 1633849654,
        "narHash": "sha256-6oeyN9ngXWvps1c5QAUjlyPDQwRWAoxBiVTNmZ4sG8E=",
        "owner": "franciscolourenco",
        "repo": "done",
        "rev": "d6abb267bb3fb7e987a9352bc43dcdb67bac9f06",
        "type": "github"
      },
      "original": {
        "owner": "franciscolourenco",
        "repo": "done",
        "type": "github"
      }
    },
    "dream2nix": {
      "inputs": {
        "alejandra": [
          "helix",
          "nci",
          "nixpkgs"
        ],
        "all-cabal-json": "all-cabal-json",
        "crane": "crane",
        "devshell": [
          "helix",
          "nci",
          "devshell"
        ],
        "flake-utils-pre-commit": [
          "helix",
          "nci",
          "nixpkgs"
        ],
        "ghc-utils": "ghc-utils",
        "gomod2nix": [
          "helix",
          "nci",
          "nixpkgs"
        ],
        "mach-nix": [
          "helix",
          "nci",
          "nixpkgs"
        ],
        "nixpkgs": [
          "helix",
          "nci",
          "nixpkgs"
        ],
        "poetry2nix": [
          "helix",
          "nci",
          "nixpkgs"
        ],
        "pre-commit-hooks": [
          "helix",
          "nci",
          "nixpkgs"
        ]
      },
      "locked": {
        "lastModified": 1667429039,
        "narHash": "sha256-Lu6da25JioHzerkLHAHSO9suCQFzJ/XBjkcGCIbasLM=",
        "owner": "nix-community",
        "repo": "dream2nix",
        "rev": "5252794e58eedb02d607fa3187ffead7becc81b0",
        "type": "github"
      },
      "original": {
        "owner": "nix-community",
        "repo": "dream2nix",
        "type": "github"
      }
    },
    "flake-compat": {
      "flake": false,
      "locked": {
        "lastModified": 1650374568,
        "narHash": "sha256-Z+s0J8/r907g149rllvwhb4pKi8Wam5ij0st8PwAh+E=",
        "owner": "edolstra",
        "repo": "flake-compat",
        "rev": "b4a34015c698c7793d592d66adbab377907a2be8",
        "type": "github"
      },
      "original": {
        "owner": "edolstra",
        "repo": "flake-compat",
        "type": "github"
      }
    },
    "flake-compat_2": {
      "flake": false,
      "locked": {
        "lastModified": 1650374568,
        "narHash": "sha256-Z+s0J8/r907g149rllvwhb4pKi8Wam5ij0st8PwAh+E=",
        "owner": "edolstra",
        "repo": "flake-compat",
        "rev": "b4a34015c698c7793d592d66adbab377907a2be8",
        "type": "github"
      },
      "original": {
        "owner": "edolstra",
        "repo": "flake-compat",
        "type": "github"
      }
    },
    "flake-utils": {
      "locked": {
        "lastModified": 1659877975,
        "narHash": "sha256-zllb8aq3YO3h8B/U0/J1WBgAL8EX5yWf5pMj3G0NAmc=",
        "owner": "numtide",
        "repo": "flake-utils",
        "rev": "c0e246b9b83f637f4681389ecabcb2681b4f3af0",
        "type": "github"
      },
      "original": {
        "owner": "numtide",
        "repo": "flake-utils",
        "type": "github"
      }
    },
    "flake-utils_10": {
      "locked": {
        "lastModified": 1667077288,
        "narHash": "sha256-bdC8sFNDpT0HK74u9fUkpbf1MEzVYJ+ka7NXCdgBoaA=",
        "owner": "numtide",
        "repo": "flake-utils",
        "rev": "6ee9ebb6b1ee695d2cacc4faa053a7b9baa76817",
        "type": "github"
      },
      "original": {
        "owner": "numtide",
        "repo": "flake-utils",
        "type": "github"
      }
    },
    "flake-utils_2": {
      "locked": {
        "lastModified": 1667395993,
        "narHash": "sha256-nuEHfE/LcWyuSWnS8t12N1wc105Qtau+/OdUAjtQ0rA=",
        "owner": "numtide",
        "repo": "flake-utils",
        "rev": "5aed5285a952e0b949eb3ba02c12fa4fcfef535f",
        "type": "github"
      },
      "original": {
        "owner": "numtide",
        "repo": "flake-utils",
        "type": "github"
      }
    },
    "flake-utils_3": {
      "locked": {
        "lastModified": 1667395993,
        "narHash": "sha256-nuEHfE/LcWyuSWnS8t12N1wc105Qtau+/OdUAjtQ0rA=",
        "owner": "numtide",
        "repo": "flake-utils",
        "rev": "5aed5285a952e0b949eb3ba02c12fa4fcfef535f",
        "type": "github"
      },
      "original": {
        "owner": "numtide",
        "repo": "flake-utils",
        "type": "github"
      }
    },
    "flake-utils_4": {
      "locked": {
        "lastModified": 1653893745,
        "narHash": "sha256-0jntwV3Z8//YwuOjzhV2sgJJPt+HY6KhU7VZUL0fKZQ=",
        "owner": "numtide",
        "repo": "flake-utils",
        "rev": "1ed9fb1935d260de5fe1c2f7ee0ebaae17ed2fa1",
        "type": "github"
      },
      "original": {
        "owner": "numtide",
        "repo": "flake-utils",
        "type": "github"
      }
    },
    "flake-utils_5": {
      "locked": {
        "lastModified": 1653893745,
        "narHash": "sha256-0jntwV3Z8//YwuOjzhV2sgJJPt+HY6KhU7VZUL0fKZQ=",
        "owner": "numtide",
        "repo": "flake-utils",
        "rev": "1ed9fb1935d260de5fe1c2f7ee0ebaae17ed2fa1",
        "type": "github"
      },
      "original": {
        "owner": "numtide",
        "repo": "flake-utils",
        "type": "github"
      }
    },
    "flake-utils_6": {
      "locked": {
        "lastModified": 1653893745,
        "narHash": "sha256-0jntwV3Z8//YwuOjzhV2sgJJPt+HY6KhU7VZUL0fKZQ=",
        "owner": "numtide",
        "repo": "flake-utils",
        "rev": "1ed9fb1935d260de5fe1c2f7ee0ebaae17ed2fa1",
        "type": "github"
      },
      "original": {
        "owner": "numtide",
        "repo": "flake-utils",
        "type": "github"
      }
    },
    "flake-utils_7": {
      "locked": {
        "lastModified": 1667395993,
        "narHash": "sha256-nuEHfE/LcWyuSWnS8t12N1wc105Qtau+/OdUAjtQ0rA=",
        "owner": "numtide",
        "repo": "flake-utils",
        "rev": "5aed5285a952e0b949eb3ba02c12fa4fcfef535f",
        "type": "github"
      },
      "original": {
        "owner": "numtide",
        "repo": "flake-utils",
        "type": "github"
      }
    },
    "flake-utils_8": {
      "locked": {
        "lastModified": 1667395993,
        "narHash": "sha256-nuEHfE/LcWyuSWnS8t12N1wc105Qtau+/OdUAjtQ0rA=",
        "owner": "numtide",
        "repo": "flake-utils",
        "rev": "5aed5285a952e0b949eb3ba02c12fa4fcfef535f",
        "type": "github"
      },
      "original": {
        "owner": "numtide",
        "repo": "flake-utils",
        "type": "github"
      }
    },
    "flake-utils_9": {
      "locked": {
        "lastModified": 1667077288,
        "narHash": "sha256-bdC8sFNDpT0HK74u9fUkpbf1MEzVYJ+ka7NXCdgBoaA=",
        "owner": "numtide",
        "repo": "flake-utils",
        "rev": "6ee9ebb6b1ee695d2cacc4faa053a7b9baa76817",
        "type": "github"
      },
      "original": {
        "owner": "numtide",
        "repo": "flake-utils",
        "type": "github"
      }
    },
    "fzf-finder": {
      "flake": false,
      "locked": {
        "lastModified": 1654637615,
        "narHash": "sha256-9r/8i677jm5+87qUPB4kP10fSbnzKCCpJzBgCMEYPYA=",
        "owner": "leophys",
        "repo": "zsh-plugin-fzf-finder",
        "rev": "7d80b6b46d1a468839d7db91acd9ba5801a90e8f",
        "type": "github"
      },
      "original": {
        "owner": "leophys",
        "repo": "zsh-plugin-fzf-finder",
        "type": "github"
      }
    },
    "fzf-fish": {
      "flake": false,
      "locked": {
        "lastModified": 1666634183,
        "narHash": "sha256-ZdHfIZNCtY36IppnufEIyHr+eqlvsIUOs0kY5I9Df6A=",
        "owner": "PatrickF1",
        "repo": "fzf.fish",
        "rev": "096dc8fff16cfbf54333fb7a9910758e818e239d",
        "type": "github"
      },
      "original": {
        "owner": "PatrickF1",
        "repo": "fzf.fish",
        "type": "github"
      }
    },
    "fzf-tab": {
      "flake": false,
      "locked": {
        "lastModified": 1666581126,
        "narHash": "sha256-YkfHPSuSKParz7JidR924CJSuXO6Rk0RZTlxPOBwLJk=",
        "owner": "Aloxaf",
        "repo": "fzf-tab",
        "rev": "14f66e4d3d0b366552c0412eb08ca9e0f7c797bd",
        "type": "github"
      },
      "original": {
        "owner": "Aloxaf",
        "repo": "fzf-tab",
        "type": "github"
      }
    },
    "ghc-utils": {
      "flake": false,
      "locked": {
        "lastModified": 1662774800,
        "narHash": "sha256-1Rd2eohGUw/s1tfvkepeYpg8kCEXiIot0RijapUjAkE=",
        "ref": "refs/heads/master",
        "rev": "bb3a2d3dc52ff0253fb9c2812bd7aa2da03e0fea",
        "revCount": 1072,
        "type": "git",
        "url": "https://gitlab.haskell.org/bgamari/ghc-utils"
      },
      "original": {
        "type": "git",
        "url": "https://gitlab.haskell.org/bgamari/ghc-utils"
      }
    },
    "gomod2nix": {
      "inputs": {
        "nixpkgs": [
          "nixpkgs"
        ],
        "utils": "utils"
      },
      "locked": {
        "lastModified": 1662501203,
        "narHash": "sha256-4BKeqCX2zwgBiTdlc2DjGQ0CttKm0vSw0r/bdFdM/PQ=",
        "owner": "tweag",
        "repo": "gomod2nix",
        "rev": "89cd0675b96775aa3ee86e7c0cf5bc238dd27976",
        "type": "github"
      },
      "original": {
        "owner": "tweag",
        "repo": "gomod2nix",
        "type": "github"
      }
    },
    "helix": {
      "inputs": {
        "nci": "nci",
        "nixpkgs": [
          "nixpkgs"
        ],
        "rust-overlay": "rust-overlay"
      },
      "locked": {
        "lastModified": 1668491856,
        "narHash": "sha256-CyWyzpbIMQpDnRgKp2e3kMnK8LjLsFq9nrhHWbKsO+o=",
        "owner": "helix-editor",
        "repo": "helix",
        "rev": "652497bdd613d2854f63a1e99e9625a21a007389",
        "type": "github"
      },
      "original": {
        "owner": "helix-editor",
        "repo": "helix",
        "type": "github"
      }
    },
    "home-manager": {
      "inputs": {
        "nixpkgs": [
          "nixpkgs"
        ],
        "utils": "utils_2"
      },
      "locked": {
        "lastModified": 1668332334,
        "narHash": "sha256-YT1qcE/MCqBO1Bi/Yr6GcFpNKsvmzrBKh8juyXDbxQc=",
        "owner": "nix-community",
        "repo": "home-manager",
        "rev": "bc90de24d898655542589237cc0a6ada7564cb6c",
        "type": "github"
      },
      "original": {
        "owner": "nix-community",
        "repo": "home-manager",
        "type": "github"
      }
    },
    "hyprland": {
      "inputs": {
        "nixpkgs": [
          "nixpkgs"
        ],
        "wlroots": "wlroots"
      },
      "locked": {
        "lastModified": 1668508745,
        "narHash": "sha256-IEPCbTcD3u8NYVwpx1GvyPExyhNTyxkhUs8Y3yGwYgg=",
        "owner": "hyprwm",
        "repo": "hyprland",
        "rev": "d5eafe192649b290fd587b41f772887058f7418b",
        "type": "github"
      },
      "original": {
        "owner": "hyprwm",
        "repo": "hyprland",
        "type": "github"
      }
    },
    "hyprland-contrib": {
      "inputs": {
        "nixpkgs": [
          "nixpkgs"
        ]
      },
      "locked": {
        "lastModified": 1666104453,
        "narHash": "sha256-gMH11FNZtnU7d+pIkwg9NmumJ6YvxyUP9Do43YKrd/E=",
        "owner": "hyprwm",
        "repo": "contrib",
        "rev": "5b21c74a3200ffdd48ed7764c7041d43c3cd5588",
        "type": "github"
      },
      "original": {
        "owner": "hyprwm",
        "repo": "contrib",
        "type": "github"
      }
    },
    "nci": {
      "inputs": {
        "devshell": "devshell",
        "dream2nix": "dream2nix",
        "nixpkgs": [
          "helix",
          "nixpkgs"
        ],
        "rust-overlay": [
          "helix",
          "rust-overlay"
        ]
      },
      "locked": {
        "lastModified": 1667542401,
        "narHash": "sha256-mdWjP5tjSf8n6FAtpSgL23kX4+eWBwLrSYo9iY3mA8Q=",
        "owner": "yusdacra",
        "repo": "nix-cargo-integration",
        "rev": "cd5e5cbd81c80dc219455dd3b1e0ddb55fae51ec",
        "type": "github"
      },
      "original": {
        "owner": "yusdacra",
        "repo": "nix-cargo-integration",
        "type": "github"
      }
    },
    "nil": {
      "inputs": {
        "flake-utils": "flake-utils_2",
        "nixpkgs": [
          "nixpkgs"
        ],
        "rust-overlay": "rust-overlay_2"
      },
      "locked": {
        "lastModified": 1668428254,
        "narHash": "sha256-KzQmGCEaOACOqaE1LsVZsqn18XpjlUbGWztDEI+o++w=",
        "owner": "oxalica",
        "repo": "nil",
        "rev": "3fa46cc956ebd67d77b61a0b7333edd2077c34dd",
        "type": "github"
      },
      "original": {
        "owner": "oxalica",
        "repo": "nil",
        "type": "github"
      }
    },
    "nix-alien": {
      "inputs": {
        "flake-utils": "flake-utils_3",
        "nixpkgs": "nixpkgs"
      },
      "locked": {
        "lastModified": 1668504894,
        "narHash": "sha256-Q/URqJtTONNEoVfat+UMZq8rl7MvMwLEKF1uPFQm/cs=",
        "owner": "thiagokokada",
        "repo": "nix-alien",
        "rev": "ec6dabeaddecab75794bfa1070989371b2636b70",
        "type": "github"
      },
      "original": {
        "owner": "thiagokokada",
        "repo": "nix-alien",
        "type": "github"
      }
    },
    "nix-std": {
      "locked": {
        "lastModified": 1666216771,
        "narHash": "sha256-WQ7+nqnkEPhEkCYwbGxnwXc0Bj/Wy+ndqlLCut2pNrg=",
        "owner": "chessai",
        "repo": "nix-std",
        "rev": "b5d44b75771af26d372cad74a542fb15d7f5c7d8",
        "type": "github"
      },
      "original": {
        "owner": "chessai",
        "repo": "nix-std",
        "type": "github"
      }
    },
    "nixago": {
      "inputs": {
        "flake-utils": "flake-utils_4",
        "nixago-exts": "nixago-exts",
        "nixpkgs": [
          "nixpkgs"
        ]
      },
      "locked": {
        "lastModified": 1661824785,
        "narHash": "sha256-/PnwdWoO/JugJZHtDUioQp3uRiWeXHUdgvoyNbXesz8=",
        "owner": "nix-community",
        "repo": "nixago",
        "rev": "8c1f9e5f1578d4b2ea989f618588d62a335083c3",
        "type": "github"
      },
      "original": {
        "owner": "nix-community",
        "repo": "nixago",
        "type": "github"
      }
    },
    "nixago-exts": {
      "inputs": {
        "flake-utils": "flake-utils_5",
        "nixago": "nixago_2",
        "nixpkgs": [
          "nixago",
          "nixpkgs"
        ]
      },
      "locked": {
        "lastModified": 1655508669,
        "narHash": "sha256-BDDdo5dZQMmwNH/GNacy33nPBnCpSIydWFPZs0kkj/g=",
        "owner": "nix-community",
        "repo": "nixago-extensions",
        "rev": "3022a932ce109258482ecc6568c163e8d0b426aa",
        "type": "github"
      },
      "original": {
        "owner": "nix-community",
        "repo": "nixago-extensions",
        "type": "github"
      }
    },
    "nixago_2": {
      "inputs": {
        "flake-utils": "flake-utils_6",
        "nixpkgs": [
          "nixago",
          "nixago-exts",
          "nixpkgs"
        ]
      },
      "locked": {
        "lastModified": 1655405483,
        "narHash": "sha256-Crd49aZWNrpczlRTOwWGfwBMsTUoG9vlHDKQC7cx264=",
        "owner": "nix-community",
        "repo": "nixago",
        "rev": "e6a9566c18063db5b120e69e048d3627414e327d",
        "type": "github"
      },
      "original": {
        "owner": "nix-community",
        "repo": "nixago",
        "type": "github"
      }
    },
    "nixme": {
      "inputs": {
        "crane": "crane_2",
        "flake-utils": "flake-utils_8",
        "nixpkgs": [
          "nixpkgs"
        ]
      },
      "locked": {
        "lastModified": 1668512419,
        "narHash": "sha256-aAzntsuy51oa1eejDLCW/QqZHCoiiG1nF2Hcxw400Lc=",
        "owner": "amirography",
        "repo": "nixme",
        "rev": "8ef1d1d4a8278ddbe780ab9d464ecfdb3116526b",
        "type": "github"
      },
      "original": {
        "owner": "amirography",
        "repo": "nixme",
        "type": "github"
      }
    },
    "nixpkgs": {
      "locked": {
        "lastModified": 1668443372,
        "narHash": "sha256-lXNlVyNWwO22/JUdBtUWz68jZB3DM+Jq/irlsbwncI0=",
        "owner": "NixOS",
        "repo": "nixpkgs",
        "rev": "dad4de1694cd92d9a0e123bfdf134d0047b836a5",
        "type": "github"
      },
      "original": {
        "owner": "NixOS",
        "ref": "nixpkgs-unstable",
        "repo": "nixpkgs",
        "type": "github"
      }
    },
    "nixpkgs_2": {
      "locked": {
        "lastModified": 1668417584,
        "narHash": "sha256-yeuEyxKPwsm5fIHN49L/syn9g5coxnPp3GsVquhrv5A=",
        "owner": "nixos",
        "repo": "nixpkgs",
        "rev": "013fcdd106823416918004bb684c3c186d3c460f",
        "type": "github"
      },
      "original": {
        "owner": "nixos",
        "ref": "nixos-unstable",
        "repo": "nixpkgs",
        "type": "github"
      }
    },
    "nnn-plugins": {
      "flake": false,
      "locked": {
        "lastModified": 1668015630,
        "narHash": "sha256-9hCEfZv7pPDFEAmboCILdatR97XCvPGCUYVTZeVcMq0=",
        "owner": "jarun",
        "repo": "nnn",
        "rev": "3359b8f7cd2e1f107daab010dab847b45bffd299",
        "type": "github"
      },
      "original": {
        "owner": "jarun",
        "repo": "nnn",
        "type": "github"
      }
    },
    "ragenix": {
      "inputs": {
        "agenix": "agenix",
        "flake-utils": "flake-utils_9",
        "nixpkgs": [
          "nixpkgs"
        ],
        "rust-overlay": "rust-overlay_4"
      },
      "locked": {
        "lastModified": 1667808611,
        "narHash": "sha256-HHxTosiswFFS5PHLalpa3OKKl3R9BdgMk7pY4tjX2HU=",
        "owner": "yaxitech",
        "repo": "ragenix",
        "rev": "f34618bd9e93edab1f0d62fc3619af7d2d8e5a0c",
        "type": "github"
      },
      "original": {
        "owner": "yaxitech",
        "repo": "ragenix",
        "type": "github"
      }
    },
    "root": {
      "inputs": {
        "cd-ls": "cd-ls",
        "colorize": "colorize",
        "done-fish": "done-fish",
        "fzf-finder": "fzf-finder",
        "fzf-fish": "fzf-fish",
        "fzf-tab": "fzf-tab",
        "gomod2nix": "gomod2nix",
        "helix": "helix",
        "home-manager": "home-manager",
        "hyprland": "hyprland",
        "hyprland-contrib": "hyprland-contrib",
        "nil": "nil",
        "nix-alien": "nix-alien",
        "nix-std": "nix-std",
        "nixago": "nixago",
        "nixme": "nixme",
        "nixpkgs": "nixpkgs_2",
        "nnn-plugins": "nnn-plugins",
        "ragenix": "ragenix",
        "sponge-fish": "sponge-fish",
        "zellij": "zellij",
        "zsh-skim": "zsh-skim",
        "zsh-tab-title": "zsh-tab-title",
        "zsh-terminal-title": "zsh-terminal-title",
        "zsh-windows-title": "zsh-windows-title"
      }
    },
    "rust-overlay": {
      "inputs": {
        "flake-utils": "flake-utils",
        "nixpkgs": [
          "helix",
          "nixpkgs"
        ]
      },
      "locked": {
        "lastModified": 1667487142,
        "narHash": "sha256-bVuzLs1ZVggJAbJmEDVO9G6p8BH3HRaolK70KXvnWnU=",
        "owner": "oxalica",
        "repo": "rust-overlay",
        "rev": "cf668f737ac986c0a89e83b6b2e3c5ddbd8cf33b",
        "type": "github"
      },
      "original": {
        "owner": "oxalica",
        "repo": "rust-overlay",
        "type": "github"
      }
    },
    "rust-overlay_2": {
      "inputs": {
        "flake-utils": [
          "nil",
          "flake-utils"
        ],
        "nixpkgs": [
          "nil",
          "nixpkgs"
        ]
      },
      "locked": {
        "lastModified": 1667789120,
        "narHash": "sha256-Yid92tEY2CeS8VUiexjSw0hsjfQbRLbUCpqkdVLaEnI=",
        "owner": "oxalica",
        "repo": "rust-overlay",
        "rev": "528499f67169671e931cf1ba63601803e58abd2a",
        "type": "github"
      },
      "original": {
        "owner": "oxalica",
        "repo": "rust-overlay",
        "type": "github"
      }
    },
    "rust-overlay_3": {
      "inputs": {
        "flake-utils": [
          "nixme",
          "crane",
          "flake-utils"
        ],
        "nixpkgs": [
          "nixme",
          "crane",
          "nixpkgs"
        ]
      },
      "locked": {
        "lastModified": 1667487142,
        "narHash": "sha256-bVuzLs1ZVggJAbJmEDVO9G6p8BH3HRaolK70KXvnWnU=",
        "owner": "oxalica",
        "repo": "rust-overlay",
        "rev": "cf668f737ac986c0a89e83b6b2e3c5ddbd8cf33b",
        "type": "github"
      },
      "original": {
        "owner": "oxalica",
        "repo": "rust-overlay",
        "type": "github"
      }
    },
    "rust-overlay_4": {
      "inputs": {
        "flake-utils": [
          "ragenix",
          "flake-utils"
        ],
        "nixpkgs": [
          "ragenix",
          "nixpkgs"
        ]
      },
      "locked": {
        "lastModified": 1667271616,
        "narHash": "sha256-qR43NUFFoKfDRro3M1SarTYVfTn8WvWznGJX5eNCNZw=",
        "owner": "oxalica",
        "repo": "rust-overlay",
        "rev": "3cbe6891588e1efad2491f87a54be26aeed1fac0",
        "type": "github"
      },
      "original": {
        "owner": "oxalica",
        "repo": "rust-overlay",
        "type": "github"
      }
    },
    "rust-overlay_5": {
      "inputs": {
        "flake-utils": [
          "zellij",
          "flake-utils"
        ],
        "nixpkgs": [
          "zellij",
          "nixpkgs"
        ]
      },
      "locked": {
        "lastModified": 1667184938,
        "narHash": "sha256-/kuCiXuAxiD0c0zrfDvJ1Yba3FuVdRk/ROfb393AeX4=",
        "owner": "oxalica",
        "repo": "rust-overlay",
        "rev": "8f81faec35508647ced65c44fd3e8648a5518afb",
        "type": "github"
      },
      "original": {
        "owner": "oxalica",
        "repo": "rust-overlay",
        "type": "github"
      }
    },
    "sponge-fish": {
      "flake": false,
      "locked": {
        "lastModified": 1664918422,
        "narHash": "sha256-MdcZUDRtNJdiyo2l9o5ma7nAX84xEJbGFhAVhK+Zm1w=",
        "owner": "andreiborisov",
        "repo": "sponge",
        "rev": "384299545104d5256648cee9d8b117aaa9a6d7be",
        "type": "github"
      },
      "original": {
        "owner": "andreiborisov",
        "repo": "sponge",
        "type": "github"
      }
    },
    "utils": {
      "locked": {
        "lastModified": 1653893745,
        "narHash": "sha256-0jntwV3Z8//YwuOjzhV2sgJJPt+HY6KhU7VZUL0fKZQ=",
        "owner": "numtide",
        "repo": "flake-utils",
        "rev": "1ed9fb1935d260de5fe1c2f7ee0ebaae17ed2fa1",
        "type": "github"
      },
      "original": {
        "owner": "numtide",
        "repo": "flake-utils",
        "type": "github"
      }
    },
    "utils_2": {
      "locked": {
        "lastModified": 1667395993,
        "narHash": "sha256-nuEHfE/LcWyuSWnS8t12N1wc105Qtau+/OdUAjtQ0rA=",
        "owner": "numtide",
        "repo": "flake-utils",
        "rev": "5aed5285a952e0b949eb3ba02c12fa4fcfef535f",
        "type": "github"
      },
      "original": {
        "owner": "numtide",
        "repo": "flake-utils",
        "type": "github"
      }
    },
    "wlroots": {
      "flake": false,
      "locked": {
        "host": "gitlab.freedesktop.org",
        "lastModified": 1668292512,
        "narHash": "sha256-lCMnIguyZgAGq7W2IwIVPoQS8fAfZ/XFwz/1TQ53eI8=",
        "owner": "wlroots",
        "repo": "wlroots",
        "rev": "627a5c511278e67c3c308cdc6a639cbb490f48c3",
        "type": "gitlab"
      },
      "original": {
        "host": "gitlab.freedesktop.org",
        "owner": "wlroots",
        "repo": "wlroots",
        "type": "gitlab"
      }
    },
    "zellij": {
      "inputs": {
        "crate2nix": "crate2nix",
        "flake-compat": "flake-compat_2",
        "flake-utils": "flake-utils_10",
        "nixpkgs": [
          "nixpkgs"
        ],
        "rust-overlay": "rust-overlay_5"
      },
      "locked": {
        "lastModified": 1668511509,
        "narHash": "sha256-fw9qKZJrKB4cxCM3gSVGy/AkOh97yXsBxtkdDa5c7fM=",
        "owner": "zellij-org",
        "repo": "zellij",
        "rev": "c66a8c0629e8b80bf9b20f0288164dc701b03a24",
        "type": "github"
      },
      "original": {
        "owner": "zellij-org",
        "repo": "zellij",
        "type": "github"
      }
    },
    "zsh-skim": {
      "flake": false,
      "locked": {
        "lastModified": 1666765309,
        "narHash": "sha256-sI+2VSGxQUJRqBD2q4aa4jxA/XWLVoKS458aPzDm+HA=",
        "owner": "casonadams",
        "repo": "skim.zsh",
        "rev": "0f000e30dfd6143e3b0b10086bd38b4db703925f",
        "type": "github"
      },
      "original": {
        "owner": "casonadams",
        "repo": "skim.zsh",
        "type": "github"
      }
    },
    "zsh-tab-title": {
      "flake": false,
      "locked": {
        "lastModified": 1638891784,
        "narHash": "sha256-nlumBGteG4RcQI0xLLFk6AZbz1TsBc2naTMlPdTCpEk=",
        "owner": "trystan2k",
        "repo": "zsh-tab-title",
        "rev": "6e532a48e46ae56daec18255512dd8d0597f4aa6",
        "type": "github"
      },
      "original": {
        "owner": "trystan2k",
        "repo": "zsh-tab-title",
        "type": "github"
      }
    },
    "zsh-terminal-title": {
      "flake": false,
      "locked": {
        "lastModified": 1626759735,
        "narHash": "sha256-CXBfGcXQfa6DMuqxhL8hfRB90qjC/fhLdSFXAm1cbuc=",
        "owner": "AnimiVulpis",
        "repo": "zsh-terminal-title",
        "rev": "6e5d156e155f0e17a9e10074d27a383c19794266",
        "type": "github"
      },
      "original": {
        "owner": "AnimiVulpis",
        "repo": "zsh-terminal-title",
        "type": "github"
      }
    },
    "zsh-windows-title": {
      "flake": false,
      "locked": {
        "lastModified": 1648318754,
        "narHash": "sha256-k1RcIaxS7NcYgZv0VcmVN2ZYAmlaaIsbkurloRawgzw=",
        "owner": "mdarocha",
        "repo": "zsh-windows-title",
        "rev": "dfd98a0a32d90c3e5a9dd818465ab46f27e8ccaf",
        "type": "github"
      },
      "original": {
        "owner": "mdarocha",
        "repo": "zsh-windows-title",
        "type": "github"
      }
    }
  },
  "root": "root",
  "version": 7
}
